aiohttp==3.6.3
appdirs==1.4.4
async-timeout==3.0.1
attrs==20.3.0
certifi==2020.6.20
chardet==3.0.4
discord.py==1.5.1
distlib==0.3.1
filelock==3.0.12
idna==2.10
japonize_matplotlib
matplotlib
multidict==4.7.6
pipenv==2020.11.15
Pillow==8.0.1
psycopg2==2.8.6
six==1.15.0
tabulate[widechars]==0.8.7
virtualenv==20.2.0
virtualenv-clone==0.5.4
wincertstore==0.2
yarl==1.5.1